
Microsoft Visual Studio Solution File, Format Version 12.00
# Visual Studio Version 17
VisualStudioVersion = 17.4.33403.182
MinimumVisualStudioVersion = 10.0.40219.1
Project("{FAE04EC0-301F-11D3-BF4B-00C04F79EFBC}") = "WpfJogo_Velha", "WpfJogo_Velha\WpfJogo_Velha.csproj", "{732D9F48-9D51-4FD2-B3BF-458C40CD124A}"
EndProject
Global
	GlobalSection(SolutionConfigurationPlatforms) = preSolution
		Debug|Any CPU = Debug|Any CPU
		Release|Any CPU = Release|Any CPU
	EndGlobalSection
	GlobalSection(ProjectConfigurationPlatforms) = postSolution
		{732D9F48-9D51-4FD2-B3BF-458C40CD124A}.Debug|Any CPU.ActiveCfg = Debug|Any CPU
		{732D9F48-9D51-4FD2-B3BF-458C40CD124A}.Debug|Any CPU.Build.0 = Debug|Any CPU
		{732D9F48-9D51-4FD2-B3BF-458C40CD124A}.Release|Any CPU.ActiveCfg = Release|Any CPU
		{732D9F48-9D51-4FD2-B3BF-458C40CD124A}.Release|Any CPU.Build.0 = Release|Any CPU
	EndGlobalSection
	GlobalSection(SolutionProperties) = preSolution
		HideSolutionNode = FALSE
	EndGlobalSection
	GlobalSection(ExtensibilityGlobals) = postSolution
		SolutionGuid = {B4556764-6F0D-442F-8DD5-57289957AD95}
	EndGlobalSection
EndGlobal
